
Microsoft Visual Studio Solution File, Format Version 12.00
# Visual Studio Version 17
VisualStudioVersion = 17.6.33829.357
MinimumVisualStudioVersion = 10.0.40219.1
Project("{9A19103F-16F7-4668-BE54-9A1E7A4F7556}") = "C#Interview", "C#Interview\C#Interview.csproj", "{50929E71-1A99-4394-BFF5-1EE9A6F0B9AA}"
EndProject
Project("{9A19103F-16F7-4668-BE54-9A1E7A4F7556}") = "Multithreading", "Multithreading\Multithreading.csproj", "{4C9A0624-024C-407A-B9BD-E16B5A308108}"
EndProject
Project("{9A19103F-16F7-4668-BE54-9A1E7A4F7556}") = "Asynchronous", "Asynchronous\Asynchronous.csproj", "{0FEB232C-F09C-4F75-811B-AD0BE096C45D}"
EndProject
Project("{9A19103F-16F7-4668-BE54-9A1E7A4F7556}") = "LINQLambdaEpression", "LINQLambdaEpression\LINQLambdaEpression.csproj", "{E78650AD-4F3F-4976-937D-1FCDF4448DA2}"
EndProject
Project("{9A19103F-16F7-4668-BE54-9A1E7A4F7556}") = "Delegates", "Delegates\Delegates.csproj", "{FCAF10C5-0DA2-41A6-BE83-545133BBBDCF}"
EndProject
Project("{9A19103F-16F7-4668-BE54-9A1E7A4F7556}") = "DelegatesDotNet5", "DelegatesDotNet5\DelegatesDotNet5.csproj", "{0DD725CF-9631-445E-A4C7-9324D092D57D}"
EndProject
Project("{9A19103F-16F7-4668-BE54-9A1E7A4F7556}") = "Namespace", "Namespace\Namespace.csproj", "{1DDB40EF-2DE2-4DEF-A5DC-0B4F2D66A8B3}"
EndProject
Project("{9A19103F-16F7-4668-BE54-9A1E7A4F7556}") = "SingletonDemo", "SingletonDemo\SingletonDemo.csproj", "{330EB45D-E779-492F-8E5B-165CD9A86A51}"
EndProject
Project("{FAE04EC0-301F-11D3-BF4B-00C04F79EFBC}") = "VariablesAndAssignment", "VariablesAndAssignment\VariablesAndAssignment.csproj", "{45EC2D1C-8BEE-489A-84F0-4E1E17A5528C}"
EndProject
Project("{FAE04EC0-301F-11D3-BF4B-00C04F79EFBC}") = "Modulo_Operator", "Modulo_Operator\Modulo_Operator.csproj", "{CE5DDDE6-83A2-431A-AF5D-A854FF80DFA6}"
EndProject
Project("{FAE04EC0-301F-11D3-BF4B-00C04F79EFBC}") = "ControlStructures", "ControlStructures\ControlStructures.csproj", "{F03B7B97-30AE-4D16-A27B-0CF9AD4C39D0}"
EndProject
Project("{FAE04EC0-301F-11D3-BF4B-00C04F79EFBC}") = "Functions", "Functions\Functions.csproj", "{C32D0164-B685-4139-A9EF-747DB670A253}"
EndProject
Project("{FAE04EC0-301F-11D3-BF4B-00C04F79EFBC}") = "ArraysandCollections", "ArraysandCollections\ArraysandCollections.csproj", "{A0364156-FD11-4063-B3E1-7033DF74C76F}"
EndProject
Global
	GlobalSection(SolutionConfigurationPlatforms) = preSolution
		Debug|Any CPU = Debug|Any CPU
		Release|Any CPU = Release|Any CPU
	EndGlobalSection
	GlobalSection(ProjectConfigurationPlatforms) = postSolution
		{50929E71-1A99-4394-BFF5-1EE9A6F0B9AA}.Debug|Any CPU.ActiveCfg = Debug|Any CPU
		{50929E71-1A99-4394-BFF5-1EE9A6F0B9AA}.Debug|Any CPU.Build.0 = Debug|Any CPU
		{50929E71-1A99-4394-BFF5-1EE9A6F0B9AA}.Release|Any CPU.ActiveCfg = Release|Any CPU
		{50929E71-1A99-4394-BFF5-1EE9A6F0B9AA}.Release|Any CPU.Build.0 = Release|Any CPU
		{4C9A0624-024C-407A-B9BD-E16B5A308108}.Debug|Any CPU.ActiveCfg = Debug|Any CPU
		{4C9A0624-024C-407A-B9BD-E16B5A308108}.Debug|Any CPU.Build.0 = Debug|Any CPU
		{4C9A0624-024C-407A-B9BD-E16B5A308108}.Release|Any CPU.ActiveCfg = Release|Any CPU
		{4C9A0624-024C-407A-B9BD-E16B5A308108}.Release|Any CPU.Build.0 = Release|Any CPU
		{0FEB232C-F09C-4F75-811B-AD0BE096C45D}.Debug|Any CPU.ActiveCfg = Debug|Any CPU
		{0FEB232C-F09C-4F75-811B-AD0BE096C45D}.Debug|Any CPU.Build.0 = Debug|Any CPU
		{0FEB232C-F09C-4F75-811B-AD0BE096C45D}.Release|Any CPU.ActiveCfg = Release|Any CPU
		{0FEB232C-F09C-4F75-811B-AD0BE096C45D}.Release|Any CPU.Build.0 = Release|Any CPU
		{E78650AD-4F3F-4976-937D-1FCDF4448DA2}.Debug|Any CPU.ActiveCfg = Debug|Any CPU
		{E78650AD-4F3F-4976-937D-1FCDF4448DA2}.Debug|Any CPU.Build.0 = Debug|Any CPU
		{E78650AD-4F3F-4976-937D-1FCDF4448DA2}.Release|Any CPU.ActiveCfg = Release|Any CPU
		{E78650AD-4F3F-4976-937D-1FCDF4448DA2}.Release|Any CPU.Build.0 = Release|Any CPU
		{FCAF10C5-0DA2-41A6-BE83-545133BBBDCF}.Debug|Any CPU.ActiveCfg = Debug|Any CPU
		{FCAF10C5-0DA2-41A6-BE83-545133BBBDCF}.Debug|Any CPU.Build.0 = Debug|Any CPU
		{FCAF10C5-0DA2-41A6-BE83-545133BBBDCF}.Release|Any CPU.ActiveCfg = Release|Any CPU
		{FCAF10C5-0DA2-41A6-BE83-545133BBBDCF}.Release|Any CPU.Build.0 = Release|Any CPU
		{0DD725CF-9631-445E-A4C7-9324D092D57D}.Debug|Any CPU.ActiveCfg = Debug|Any CPU
		{0DD725CF-9631-445E-A4C7-9324D092D57D}.Debug|Any CPU.Build.0 = Debug|Any CPU
		{0DD725CF-9631-445E-A4C7-9324D092D57D}.Release|Any CPU.ActiveCfg = Release|Any CPU
		{0DD725CF-9631-445E-A4C7-9324D092D57D}.Release|Any CPU.Build.0 = Release|Any CPU
		{1DDB40EF-2DE2-4DEF-A5DC-0B4F2D66A8B3}.Debug|Any CPU.ActiveCfg = Debug|Any CPU
		{1DDB40EF-2DE2-4DEF-A5DC-0B4F2D66A8B3}.Debug|Any CPU.Build.0 = Debug|Any CPU
		{1DDB40EF-2DE2-4DEF-A5DC-0B4F2D66A8B3}.Release|Any CPU.ActiveCfg = Release|Any CPU
		{1DDB40EF-2DE2-4DEF-A5DC-0B4F2D66A8B3}.Release|Any CPU.Build.0 = Release|Any CPU
		{330EB45D-E779-492F-8E5B-165CD9A86A51}.Debug|Any CPU.ActiveCfg = Debug|Any CPU
		{330EB45D-E779-492F-8E5B-165CD9A86A51}.Debug|Any CPU.Build.0 = Debug|Any CPU
		{330EB45D-E779-492F-8E5B-165CD9A86A51}.Release|Any CPU.ActiveCfg = Release|Any CPU
		{330EB45D-E779-492F-8E5B-165CD9A86A51}.Release|Any CPU.Build.0 = Release|Any CPU
		{45EC2D1C-8BEE-489A-84F0-4E1E17A5528C}.Debug|Any CPU.ActiveCfg = Debug|Any CPU
		{45EC2D1C-8BEE-489A-84F0-4E1E17A5528C}.Debug|Any CPU.Build.0 = Debug|Any CPU
		{45EC2D1C-8BEE-489A-84F0-4E1E17A5528C}.Release|Any CPU.ActiveCfg = Release|Any CPU
		{45EC2D1C-8BEE-489A-84F0-4E1E17A5528C}.Release|Any CPU.Build.0 = Release|Any CPU
		{CE5DDDE6-83A2-431A-AF5D-A854FF80DFA6}.Debug|Any CPU.ActiveCfg = Debug|Any CPU
		{CE5DDDE6-83A2-431A-AF5D-A854FF80DFA6}.Debug|Any CPU.Build.0 = Debug|Any CPU
		{CE5DDDE6-83A2-431A-AF5D-A854FF80DFA6}.Release|Any CPU.ActiveCfg = Release|Any CPU
		{CE5DDDE6-83A2-431A-AF5D-A854FF80DFA6}.Release|Any CPU.Build.0 = Release|Any CPU
		{F03B7B97-30AE-4D16-A27B-0CF9AD4C39D0}.Debug|Any CPU.ActiveCfg = Debug|Any CPU
		{F03B7B97-30AE-4D16-A27B-0CF9AD4C39D0}.Debug|Any CPU.Build.0 = Debug|Any CPU
		{F03B7B97-30AE-4D16-A27B-0CF9AD4C39D0}.Release|Any CPU.ActiveCfg = Release|Any CPU
		{F03B7B97-30AE-4D16-A27B-0CF9AD4C39D0}.Release|Any CPU.Build.0 = Release|Any CPU
		{C32D0164-B685-4139-A9EF-747DB670A253}.Debug|Any CPU.ActiveCfg = Debug|Any CPU
		{C32D0164-B685-4139-A9EF-747DB670A253}.Debug|Any CPU.Build.0 = Debug|Any CPU
		{C32D0164-B685-4139-A9EF-747DB670A253}.Release|Any CPU.ActiveCfg = Release|Any CPU
		{C32D0164-B685-4139-A9EF-747DB670A253}.Release|Any CPU.Build.0 = Release|Any CPU
		{A0364156-FD11-4063-B3E1-7033DF74C76F}.Debug|Any CPU.ActiveCfg = Debug|Any CPU
		{A0364156-FD11-4063-B3E1-7033DF74C76F}.Debug|Any CPU.Build.0 = Debug|Any CPU
		{A0364156-FD11-4063-B3E1-7033DF74C76F}.Release|Any CPU.ActiveCfg = Release|Any CPU
		{A0364156-FD11-4063-B3E1-7033DF74C76F}.Release|Any CPU.Build.0 = Release|Any CPU
	EndGlobalSection
	GlobalSection(SolutionProperties) = preSolution
		HideSolutionNode = FALSE
	EndGlobalSection
	GlobalSection(ExtensibilityGlobals) = postSolution
		SolutionGuid = {E9B92CDC-7876-47E0-B9EB-04DF629F296D}
	EndGlobalSection
EndGlobal
